
Microsoft Visual Studio Solution File, Format Version 12.00
# Visual Studio Version 16
VisualStudioVersion = 16.0.31729.503
MinimumVisualStudioVersion = 10.0.40219.1
Project("{FAE04EC0-301F-11D3-BF4B-00C04F79EFBC}") = "Assignment", "Assignment\Assignment.csproj", "{E1D77162-F3DD-4FCB-9EB2-694E73677EBD}"
EndProject
Global
	GlobalSection(SolutionConfigurationPlatforms) = preSolution
		Debug|Any CPU = Debug|Any CPU
		Release|Any CPU = Release|Any CPU
	EndGlobalSection
	GlobalSection(ProjectConfigurationPlatforms) = postSolution
		{E1D77162-F3DD-4FCB-9EB2-694E73677EBD}.Debug|Any CPU.ActiveCfg = Debug|Any CPU
		{E1D77162-F3DD-4FCB-9EB2-694E73677EBD}.Debug|Any CPU.Build.0 = Debug|Any CPU
		{E1D77162-F3DD-4FCB-9EB2-694E73677EBD}.Release|Any CPU.ActiveCfg = Release|Any CPU
		{E1D77162-F3DD-4FCB-9EB2-694E73677EBD}.Release|Any CPU.Build.0 = Release|Any CPU
	EndGlobalSection
	GlobalSection(SolutionProperties) = preSolution
		HideSolutionNode = FALSE
	EndGlobalSection
	GlobalSection(ExtensibilityGlobals) = postSolution
		SolutionGuid = {2621F599-D994-44E7-A838-6530592A76B6}
	EndGlobalSection
EndGlobal
