
Microsoft Visual Studio Solution File, Format Version 12.00
# Visual Studio Version 16
VisualStudioVersion = 16.0.31729.503
MinimumVisualStudioVersion = 10.0.40219.1
Project("{FAE04EC0-301F-11D3-BF4B-00C04F79EFBC}") = "Practice", "Practice\Practice.csproj", "{1950078F-801F-4138-8A96-14589F02019E}"
EndProject
Global
	GlobalSection(SolutionConfigurationPlatforms) = preSolution
		Debug|Any CPU = Debug|Any CPU
		Release|Any CPU = Release|Any CPU
	EndGlobalSection
	GlobalSection(ProjectConfigurationPlatforms) = postSolution
		{1950078F-801F-4138-8A96-14589F02019E}.Debug|Any CPU.ActiveCfg = Debug|Any CPU
		{1950078F-801F-4138-8A96-14589F02019E}.Debug|Any CPU.Build.0 = Debug|Any CPU
		{1950078F-801F-4138-8A96-14589F02019E}.Release|Any CPU.ActiveCfg = Release|Any CPU
		{1950078F-801F-4138-8A96-14589F02019E}.Release|Any CPU.Build.0 = Release|Any CPU
	EndGlobalSection
	GlobalSection(SolutionProperties) = preSolution
		HideSolutionNode = FALSE
	EndGlobalSection
	GlobalSection(ExtensibilityGlobals) = postSolution
		SolutionGuid = {3B56AB4F-5F87-4153-AE09-B10653A0B167}
	EndGlobalSection
EndGlobal
