
Microsoft Visual Studio Solution File, Format Version 12.00
# Visual Studio Version 16
VisualStudioVersion = 16.0.31729.503
MinimumVisualStudioVersion = 10.0.40219.1
Project("{9A19103F-16F7-4668-BE54-9A1E7A4F7556}") = "AssignmentProblem", "AssignmentProblem\AssignmentProblem.csproj", "{D93F8C9D-2CE8-44B7-9FFB-272937F13CBB}"
EndProject
Project("{FAE04EC0-301F-11D3-BF4B-00C04F79EFBC}") = "TextClassLibrary", "TextClassLibrary\TextClassLibrary.csproj", "{0B3A9FB8-076B-402A-950E-264D2473B14B}"
EndProject
Global
	GlobalSection(SolutionConfigurationPlatforms) = preSolution
		Debug|Any CPU = Debug|Any CPU
		Release|Any CPU = Release|Any CPU
	EndGlobalSection
	GlobalSection(ProjectConfigurationPlatforms) = postSolution
		{D93F8C9D-2CE8-44B7-9FFB-272937F13CBB}.Debug|Any CPU.ActiveCfg = Debug|Any CPU
		{D93F8C9D-2CE8-44B7-9FFB-272937F13CBB}.Debug|Any CPU.Build.0 = Debug|Any CPU
		{D93F8C9D-2CE8-44B7-9FFB-272937F13CBB}.Release|Any CPU.ActiveCfg = Release|Any CPU
		{D93F8C9D-2CE8-44B7-9FFB-272937F13CBB}.Release|Any CPU.Build.0 = Release|Any CPU
		{0B3A9FB8-076B-402A-950E-264D2473B14B}.Debug|Any CPU.ActiveCfg = Debug|Any CPU
		{0B3A9FB8-076B-402A-950E-264D2473B14B}.Debug|Any CPU.Build.0 = Debug|Any CPU
		{0B3A9FB8-076B-402A-950E-264D2473B14B}.Release|Any CPU.ActiveCfg = Release|Any CPU
		{0B3A9FB8-076B-402A-950E-264D2473B14B}.Release|Any CPU.Build.0 = Release|Any CPU
	EndGlobalSection
	GlobalSection(SolutionProperties) = preSolution
		HideSolutionNode = FALSE
	EndGlobalSection
	GlobalSection(ExtensibilityGlobals) = postSolution
		SolutionGuid = {2457841A-5A4E-42CB-A6E1-8E66AB9D3AC0}
	EndGlobalSection
EndGlobal
