
Microsoft Visual Studio Solution File, Format Version 12.00
# Visual Studio Version 16
VisualStudioVersion = 16.0.31729.503
MinimumVisualStudioVersion = 10.0.40219.1
Project("{FAE04EC0-301F-11D3-BF4B-00C04F79EFBC}") = "ConsoleApp7", "ConsoleApp7\ConsoleApp7.csproj", "{A22D0D1A-E31E-4D54-8EF3-6D4ADE986EA0}"
EndProject
Global
	GlobalSection(SolutionConfigurationPlatforms) = preSolution
		Debug|Any CPU = Debug|Any CPU
		Release|Any CPU = Release|Any CPU
	EndGlobalSection
	GlobalSection(ProjectConfigurationPlatforms) = postSolution
		{A22D0D1A-E31E-4D54-8EF3-6D4ADE986EA0}.Debug|Any CPU.ActiveCfg = Debug|Any CPU
		{A22D0D1A-E31E-4D54-8EF3-6D4ADE986EA0}.Debug|Any CPU.Build.0 = Debug|Any CPU
		{A22D0D1A-E31E-4D54-8EF3-6D4ADE986EA0}.Release|Any CPU.ActiveCfg = Release|Any CPU
		{A22D0D1A-E31E-4D54-8EF3-6D4ADE986EA0}.Release|Any CPU.Build.0 = Release|Any CPU
	EndGlobalSection
	GlobalSection(SolutionProperties) = preSolution
		HideSolutionNode = FALSE
	EndGlobalSection
	GlobalSection(ExtensibilityGlobals) = postSolution
		SolutionGuid = {7EB9327B-03F8-40CE-9A43-A693B560966D}
	EndGlobalSection
EndGlobal
