
Microsoft Visual Studio Solution File, Format Version 12.00
# Visual Studio Version 16
VisualStudioVersion = 16.0.31729.503
MinimumVisualStudioVersion = 10.0.40219.1
Project("{FAE04EC0-301F-11D3-BF4B-00C04F79EFBC}") = "WebApplication12", "WebApplication12\WebApplication12.csproj", "{D90D19C2-6CA5-4612-B34A-7AE3E91B565D}"
EndProject
Global
	GlobalSection(SolutionConfigurationPlatforms) = preSolution
		Debug|Any CPU = Debug|Any CPU
		Release|Any CPU = Release|Any CPU
	EndGlobalSection
	GlobalSection(ProjectConfigurationPlatforms) = postSolution
		{D90D19C2-6CA5-4612-B34A-7AE3E91B565D}.Debug|Any CPU.ActiveCfg = Debug|Any CPU
		{D90D19C2-6CA5-4612-B34A-7AE3E91B565D}.Debug|Any CPU.Build.0 = Debug|Any CPU
		{D90D19C2-6CA5-4612-B34A-7AE3E91B565D}.Release|Any CPU.ActiveCfg = Release|Any CPU
		{D90D19C2-6CA5-4612-B34A-7AE3E91B565D}.Release|Any CPU.Build.0 = Release|Any CPU
	EndGlobalSection
	GlobalSection(SolutionProperties) = preSolution
		HideSolutionNode = FALSE
	EndGlobalSection
	GlobalSection(ExtensibilityGlobals) = postSolution
		SolutionGuid = {DC6868BD-C45A-4A8C-8B5C-AB5E075FAC79}
	EndGlobalSection
EndGlobal
