
Microsoft Visual Studio Solution File, Format Version 12.00
# Visual Studio Version 16
VisualStudioVersion = 16.0.31729.503
MinimumVisualStudioVersion = 10.0.40219.1
Project("{FAE04EC0-301F-11D3-BF4B-00C04F79EFBC}") = "Nov10_Assignments", "Nov10_Assignments\Nov10_Assignments.csproj", "{9021D51D-5887-48CC-BE29-65AE341BCF01}"
EndProject
Global
	GlobalSection(SolutionConfigurationPlatforms) = preSolution
		Debug|Any CPU = Debug|Any CPU
		Release|Any CPU = Release|Any CPU
	EndGlobalSection
	GlobalSection(ProjectConfigurationPlatforms) = postSolution
		{9021D51D-5887-48CC-BE29-65AE341BCF01}.Debug|Any CPU.ActiveCfg = Debug|Any CPU
		{9021D51D-5887-48CC-BE29-65AE341BCF01}.Debug|Any CPU.Build.0 = Debug|Any CPU
		{9021D51D-5887-48CC-BE29-65AE341BCF01}.Release|Any CPU.ActiveCfg = Release|Any CPU
		{9021D51D-5887-48CC-BE29-65AE341BCF01}.Release|Any CPU.Build.0 = Release|Any CPU
	EndGlobalSection
	GlobalSection(SolutionProperties) = preSolution
		HideSolutionNode = FALSE
	EndGlobalSection
	GlobalSection(ExtensibilityGlobals) = postSolution
		SolutionGuid = {B2E604B9-50E7-42B4-A8FF-62AB4EE9C9CB}
	EndGlobalSection
EndGlobal
