
Microsoft Visual Studio Solution File, Format Version 12.00
# Visual Studio Version 16
VisualStudioVersion = 16.0.31729.503
MinimumVisualStudioVersion = 10.0.40219.1
Project("{FAE04EC0-301F-11D3-BF4B-00C04F79EFBC}") = "CustomerLibrary", "CustomerLibrary\CustomerLibrary.csproj", "{23972880-56DE-4CCA-B7C1-999A8F12E27E}"
EndProject
Project("{FAE04EC0-301F-11D3-BF4B-00C04F79EFBC}") = "CustomerApplication", "CustomerApplication\CustomerApplication.csproj", "{912B9553-86B2-4F3C-BD3A-E5093B75469E}"
EndProject
Global
	GlobalSection(SolutionConfigurationPlatforms) = preSolution
		Debug|Any CPU = Debug|Any CPU
		Release|Any CPU = Release|Any CPU
	EndGlobalSection
	GlobalSection(ProjectConfigurationPlatforms) = postSolution
		{23972880-56DE-4CCA-B7C1-999A8F12E27E}.Debug|Any CPU.ActiveCfg = Debug|Any CPU
		{23972880-56DE-4CCA-B7C1-999A8F12E27E}.Debug|Any CPU.Build.0 = Debug|Any CPU
		{23972880-56DE-4CCA-B7C1-999A8F12E27E}.Release|Any CPU.ActiveCfg = Release|Any CPU
		{23972880-56DE-4CCA-B7C1-999A8F12E27E}.Release|Any CPU.Build.0 = Release|Any CPU
		{912B9553-86B2-4F3C-BD3A-E5093B75469E}.Debug|Any CPU.ActiveCfg = Debug|Any CPU
		{912B9553-86B2-4F3C-BD3A-E5093B75469E}.Debug|Any CPU.Build.0 = Debug|Any CPU
		{912B9553-86B2-4F3C-BD3A-E5093B75469E}.Release|Any CPU.ActiveCfg = Release|Any CPU
		{912B9553-86B2-4F3C-BD3A-E5093B75469E}.Release|Any CPU.Build.0 = Release|Any CPU
	EndGlobalSection
	GlobalSection(SolutionProperties) = preSolution
		HideSolutionNode = FALSE
	EndGlobalSection
	GlobalSection(ExtensibilityGlobals) = postSolution
		SolutionGuid = {8BB4E8A5-9ED4-418E-8666-ADF322ABBEA7}
	EndGlobalSection
EndGlobal
