
Microsoft Visual Studio Solution File, Format Version 12.00
# Visual Studio Version 16
VisualStudioVersion = 16.0.31729.503
MinimumVisualStudioVersion = 10.0.40219.1
Project("{FAE04EC0-301F-11D3-BF4B-00C04F79EFBC}") = "ProductDetails", "ProductDetails\ProductDetails.csproj", "{C90FE85B-30A4-4DEF-A491-B945D6D0EFBC}"
EndProject
Project("{FAE04EC0-301F-11D3-BF4B-00C04F79EFBC}") = "ProductApplication", "ProductApplication\ProductApplication.csproj", "{B5D12E03-F3E1-4376-9109-AA2116691F64}"
EndProject
Global
	GlobalSection(SolutionConfigurationPlatforms) = preSolution
		Debug|Any CPU = Debug|Any CPU
		Release|Any CPU = Release|Any CPU
	EndGlobalSection
	GlobalSection(ProjectConfigurationPlatforms) = postSolution
		{C90FE85B-30A4-4DEF-A491-B945D6D0EFBC}.Debug|Any CPU.ActiveCfg = Debug|Any CPU
		{C90FE85B-30A4-4DEF-A491-B945D6D0EFBC}.Debug|Any CPU.Build.0 = Debug|Any CPU
		{C90FE85B-30A4-4DEF-A491-B945D6D0EFBC}.Release|Any CPU.ActiveCfg = Release|Any CPU
		{C90FE85B-30A4-4DEF-A491-B945D6D0EFBC}.Release|Any CPU.Build.0 = Release|Any CPU
		{B5D12E03-F3E1-4376-9109-AA2116691F64}.Debug|Any CPU.ActiveCfg = Debug|Any CPU
		{B5D12E03-F3E1-4376-9109-AA2116691F64}.Debug|Any CPU.Build.0 = Debug|Any CPU
		{B5D12E03-F3E1-4376-9109-AA2116691F64}.Release|Any CPU.ActiveCfg = Release|Any CPU
		{B5D12E03-F3E1-4376-9109-AA2116691F64}.Release|Any CPU.Build.0 = Release|Any CPU
	EndGlobalSection
	GlobalSection(SolutionProperties) = preSolution
		HideSolutionNode = FALSE
	EndGlobalSection
	GlobalSection(ExtensibilityGlobals) = postSolution
		SolutionGuid = {DE48CA77-7F05-4663-B05E-F70162943413}
	EndGlobalSection
EndGlobal
