
Microsoft Visual Studio Solution File, Format Version 12.00
# Visual Studio Version 16
VisualStudioVersion = 16.0.31729.503
MinimumVisualStudioVersion = 10.0.40219.1
Project("{FAE04EC0-301F-11D3-BF4B-00C04F79EFBC}") = "API", "API\API.csproj", "{C1A35BDD-7470-4751-90BC-FEAF453E6B8C}"
EndProject
Global
	GlobalSection(SolutionConfigurationPlatforms) = preSolution
		Debug|Any CPU = Debug|Any CPU
		Release|Any CPU = Release|Any CPU
	EndGlobalSection
	GlobalSection(ProjectConfigurationPlatforms) = postSolution
		{C1A35BDD-7470-4751-90BC-FEAF453E6B8C}.Debug|Any CPU.ActiveCfg = Debug|Any CPU
		{C1A35BDD-7470-4751-90BC-FEAF453E6B8C}.Debug|Any CPU.Build.0 = Debug|Any CPU
		{C1A35BDD-7470-4751-90BC-FEAF453E6B8C}.Release|Any CPU.ActiveCfg = Release|Any CPU
		{C1A35BDD-7470-4751-90BC-FEAF453E6B8C}.Release|Any CPU.Build.0 = Release|Any CPU
	EndGlobalSection
	GlobalSection(SolutionProperties) = preSolution
		HideSolutionNode = FALSE
	EndGlobalSection
	GlobalSection(ExtensibilityGlobals) = postSolution
		SolutionGuid = {03A6C8AF-08B1-48B4-8DAE-3F29A8679093}
	EndGlobalSection
EndGlobal
